
Microsoft Visual Studio Solution File, Format Version 12.00
# Visual Studio Version 17
VisualStudioVersion = 17.3.32929.385
MinimumVisualStudioVersion = 10.0.40219.1
Project("{FAE04EC0-301F-11D3-BF4B-00C04F79EFBC}") = "LetsGetMoving", "LetsGetMoving\LetsGetMoving.csproj", "{1D70854E-47F7-4358-8016-5418DB42BEC7}"
EndProject
Global
	GlobalSection(SolutionConfigurationPlatforms) = preSolution
		Debug|Any CPU = Debug|Any CPU
		Release|Any CPU = Release|Any CPU
	EndGlobalSection
	GlobalSection(ProjectConfigurationPlatforms) = postSolution
		{1D70854E-47F7-4358-8016-5418DB42BEC7}.Debug|Any CPU.ActiveCfg = Debug|Any CPU
		{1D70854E-47F7-4358-8016-5418DB42BEC7}.Debug|Any CPU.Build.0 = Debug|Any CPU
		{1D70854E-47F7-4358-8016-5418DB42BEC7}.Release|Any CPU.ActiveCfg = Release|Any CPU
		{1D70854E-47F7-4358-8016-5418DB42BEC7}.Release|Any CPU.Build.0 = Release|Any CPU
	EndGlobalSection
	GlobalSection(SolutionProperties) = preSolution
		HideSolutionNode = FALSE
	EndGlobalSection
	GlobalSection(ExtensibilityGlobals) = postSolution
		SolutionGuid = {D0694689-5B28-41EA-AC91-75BCB8D2EAFF}
	EndGlobalSection
EndGlobal
